{
    "_meta": {
        "hash": {
            "sha256": "fc09557968170228517dde87fde76de51e7da40814626bee7ee3a0129a0165d8"
        },
        "pipfile-spec": 6,
        "requires": {
            "python_version": "3.7"
        },
        "sources": [
            {
                "name": "pypi",
                "url": "https://pypi.org/simple",
                "verify_ssl": true
            }
        ]
    },
    "default": {
        "django": {
            "hashes": [
                "sha256:7460cfe3781d36d1625230267dad255deb33e9229e41f21e32b33b9d536d20cd",
                "sha256:7d8b61b6e7031a3c1a4aef29e2701849af0837f4f2062bc203077a0b46d51c2c"
            ],
            "index": "pypi",
            "version": "==2.2.21"
        },
        "mysql-connector-python": {
            "hashes": [
                "sha256:1d6a15879f198b2e5938429a7547f68549bf18658e82a2a68a5b75ee23bd7a8c",
                "sha256:2121a32dfaf1ff5a41a7924fb5f03d66c307bac403a42581bc13f788574b8051",
                "sha256:29c4dcfc8e4a6df70cfff87cf3787c8ea7596e6f0a2ad4416155850f541928f4",
                "sha256:51571919508cab8fa1e9b65879922b80b3cee58ed348660292b080ba8ad3a090",
                "sha256:5a1e4724a02bd85b976e8aa345e8b8235b0e72c47e6a4921cec158e6dfecba93",
                "sha256:5ce6a980062e2a7d447b98bef7d873aa26c6bbb987548a617b2d39a82c7d8d94",
                "sha256:62d323a6910ccdf05c582111e79fc0f2dcf65777db30019b3c8a23c3180e6e56",
                "sha256:6d38711cde96806dcc002625fa9fbf1dc6a03635c260835e82a9554960c2b204",
                "sha256:71f1835f10e168f72cc82e5eb87c0ec3b186bc73c11555a25dbd066fce31ebe1",
                "sha256:7d39197048b9980471880b93b111e0f8e2c30a43c6f93fcfa5fec048c1d485b4",
                "sha256:7f0c8d5bec3c926d6bbc91002dca0af5b6f249a2c003de304223b8c24cd1566e",
                "sha256:817d99ab6b1dc7e56657c0bca0b2a4a0166c905b0a5f8a187e98581b09906770",
                "sha256:a21bcc329de1c8dacaf9f53cb04a50af9ea0185336942a0badc2dbaab3bcaf1c",
                "sha256:aa96468674ab27354f9b26da38bbd295dea2ac4051571db729b4f0710f336ce9",
                "sha256:aeeaabbae49d45435166404363283c80692141bc2a9f74239eee49c0fef77a7d",
                "sha256:c15bff383985a497b85dec1f9f755af7c33ab7e82883c5f311ead6980fdca8fc",
                "sha256:cfddc27130a3a3b38f159611777b4ead2a02f8a88ecfb6921e9959bc0df6d97f",
                "sha256:e898646878bd315e9cd7b738c293271e88d9a94efd260c8dc1bae80d60eade22",
                "sha256:ea7d80e2b406dba3b20836e95d76e926d0f80034e5a015c0d8309d820225cb5b"
            ],
            "index": "pypi",
            "version": "==8.0.16"
        },
        "mysqlclient": {
            "hashes": [
                "sha256:425e733b05e359a714d6007c0fc44582be66b63e5a3df0a50949274ae16f4bc6",
                "sha256:62e4770b6a797b9416bcf70488365b7d6b9c9066878108499c559293bb464380",
                "sha256:f257d250f2675d0ef99bd318906f3cfc05cef4a2f385ea695ff32a3f04b9f9a7"
            ],
            "index": "pypi",
            "version": "==1.4.2.post1"
        },
        "protobuf": {
            "hashes": [
                "sha256:0b5a73fa43efda0df0191c162680ec40cef45463fa8ff69fbeaeeddda4c760f5",
                "sha256:1e08da38d56b74962d9cb05d86ca5f25d2e5b78f05fd00db7900cad3faa6de00",
                "sha256:38b2c6e2204731cfebdb2452ffb7addf0367172b35cff8ccda338ccea9e7c87a",
                "sha256:42239d47f213f1ce12ddca62c0c70856efbac09797d715e5d606b3fbc3f16c44",
                "sha256:45cc0197e9f9192693c8a4dbcba8c9227a53a2720fc3826dfe791113d9ff5e5e",
                "sha256:4da073b6c1a83e4ff1294156844f21343c5094e295c194d8ecc94703c7a6f42a",
                "sha256:4e62be28dcaab52c7e8e8e3fb9a7005dec6374e698f3b22d79276d95c13151e5",
                "sha256:50c657a54592c1bec7b24521fdbbbd2f7b51325ba23ab505ed03e8ebf3a5aeff",
                "sha256:557e16884d7276caf92c1fb188fe6dfbec47891d3507d4982db1e3d89ffd22de",
                "sha256:5a3450acf046716e4a4f02a3f7adfb7b86f1b5b3ae392cec759915e79538d40d",
                "sha256:6388e7f300010ea7ac77113c7491c5622645d2447fdf701cbfe026b832d728cd",
                "sha256:744f5c9a3b9e7538c4c70f2b0e46f86858b684f5d17bf78643a19a6c21c7936f",
                "sha256:751d71dc6559dd794d309811d8dcf179d6a128b38a1655ae7137530f33895cb4",
                "sha256:816fe5e8b73c29adb13a57e1653da15f24cbb90e86ea92e6f08abe6d8c0cbdb4",
                "sha256:89613ec119fdcad992f65d7a5bfe3170c17edc839982d0089fc0c9242fb8e517",
                "sha256:993814b0199f22523a227696a8e20d2cd4b9cda60c76d2fb3969ce0c77eb9e0f",
                "sha256:9dc01ddc3b195c4538942790c4b195cf17b52d3785a60c1f6f25b794f51e2071",
                "sha256:b667ddbb77ff619fdbd18be75445d4448ee68493c9bddd1b4d0b177025e2f6f6",
                "sha256:c2038dec269b65683f16057886c09ca7526471793029bdd43259282e1e0fb668",
                "sha256:c303ce92c60d069237cfbd41790fde3d00066ca9500fac464454e20c2f12250c",
                "sha256:c49e673436e24e925022c090a98905cfe88d056cb5dde67a8e20ae339acd8140",
                "sha256:c5b512c1982f8b427a302db094cf79f8f235284014d01b23fba461aa2c1459a0",
                "sha256:f3f057ad59cd4d5ea2b1bb88d36c6f009b8043007cf03d96cbd3b9c06859d4fa"
            ],
            "version": "==3.17.2"
        },
        "pytz": {
            "hashes": [
                "sha256:83a4a90894bf38e243cf052c8b58f381bfe9a7a483f6a9cab140bc7f702ac4da",
                "sha256:eb10ce3e7736052ed3623d49975ce333bcd712c7bb19a58b9e2089d4057d0798"
            ],
            "version": "==2021.1"
        },
        "six": {
            "hashes": [
                "sha256:1e61c37477a1626458e36f7b1d82aa5c9b094fa4802892072e49de9c60c4c926",
                "sha256:8abb2f1d86890a2dfb989f9a77cfcfd3e47c2a354b01111771326f8aa26e0254"
            ],
            "version": "==1.16.0"
        },
        "sqlparse": {
            "hashes": [
                "sha256:017cde379adbd6a1f15a61873f43e8274179378e95ef3fede90b5aa64d304ed0",
                "sha256:0f91fd2e829c44362cbcfab3e9ae12e22badaa8a29ad5ff599f9ec109f0454e8"
            ],
            "version": "==0.4.1"
        }
    },
    "develop": {}
}
