{
    "_meta": {
        "hash": {
            "sha256": "fc09557968170228517dde87fde76de51e7da40814626bee7ee3a0129a0165d8"
        },
        "pipfile-spec": 6,
        "requires": {
            "python_version": "3.7"
        },
        "sources": [
            {
                "name": "pypi",
                "url": "https://pypi.org/simple",
                "verify_ssl": true
            }
        ]
    },
    "default": {
        "django": {
            "hashes": [
                "sha256:84f370f6acedbe1f3c41e1a02de44ac206efda3355e427139ecb785b5f596d80",
                "sha256:e8fe3c2b2212dce6126becab7a693157f1a441a07b62ec994c046c76af5bb66d"
            ],
            "index": "pypi",
            "version": "==2.2.13"
        },
        "mysql-connector-python": {
            "hashes": [
                "sha256:1d6a15879f198b2e5938429a7547f68549bf18658e82a2a68a5b75ee23bd7a8c",
                "sha256:2121a32dfaf1ff5a41a7924fb5f03d66c307bac403a42581bc13f788574b8051",
                "sha256:29c4dcfc8e4a6df70cfff87cf3787c8ea7596e6f0a2ad4416155850f541928f4",
                "sha256:51571919508cab8fa1e9b65879922b80b3cee58ed348660292b080ba8ad3a090",
                "sha256:5a1e4724a02bd85b976e8aa345e8b8235b0e72c47e6a4921cec158e6dfecba93",
                "sha256:5ce6a980062e2a7d447b98bef7d873aa26c6bbb987548a617b2d39a82c7d8d94",
                "sha256:62d323a6910ccdf05c582111e79fc0f2dcf65777db30019b3c8a23c3180e6e56",
                "sha256:6d38711cde96806dcc002625fa9fbf1dc6a03635c260835e82a9554960c2b204",
                "sha256:71f1835f10e168f72cc82e5eb87c0ec3b186bc73c11555a25dbd066fce31ebe1",
                "sha256:7d39197048b9980471880b93b111e0f8e2c30a43c6f93fcfa5fec048c1d485b4",
                "sha256:7f0c8d5bec3c926d6bbc91002dca0af5b6f249a2c003de304223b8c24cd1566e",
                "sha256:817d99ab6b1dc7e56657c0bca0b2a4a0166c905b0a5f8a187e98581b09906770",
                "sha256:a21bcc329de1c8dacaf9f53cb04a50af9ea0185336942a0badc2dbaab3bcaf1c",
                "sha256:aa96468674ab27354f9b26da38bbd295dea2ac4051571db729b4f0710f336ce9",
                "sha256:aeeaabbae49d45435166404363283c80692141bc2a9f74239eee49c0fef77a7d",
                "sha256:c15bff383985a497b85dec1f9f755af7c33ab7e82883c5f311ead6980fdca8fc",
                "sha256:cfddc27130a3a3b38f159611777b4ead2a02f8a88ecfb6921e9959bc0df6d97f",
                "sha256:e898646878bd315e9cd7b738c293271e88d9a94efd260c8dc1bae80d60eade22",
                "sha256:ea7d80e2b406dba3b20836e95d76e926d0f80034e5a015c0d8309d820225cb5b"
            ],
            "index": "pypi",
            "version": "==8.0.16"
        },
        "mysqlclient": {
            "hashes": [
                "sha256:425e733b05e359a714d6007c0fc44582be66b63e5a3df0a50949274ae16f4bc6",
                "sha256:62e4770b6a797b9416bcf70488365b7d6b9c9066878108499c559293bb464380",
                "sha256:f257d250f2675d0ef99bd318906f3cfc05cef4a2f385ea695ff32a3f04b9f9a7"
            ],
            "index": "pypi",
            "version": "==1.4.2.post1"
        },
        "protobuf": {
            "hashes": [
                "sha256:304e08440c4a41a0f3592d2a38934aad6919d692bb0edfb355548786728f9a5e",
                "sha256:49ef8ab4c27812a89a76fa894fe7a08f42f2147078392c0dee51d4a444ef6df5",
                "sha256:50b5fee674878b14baea73b4568dc478c46a31dd50157a5b5d2f71138243b1a9",
                "sha256:5524c7020eb1fb7319472cb75c4c3206ef18b34d6034d2ee420a60f99cddeb07",
                "sha256:612bc97e42b22af10ba25e4140963fbaa4c5181487d163f4eb55b0b15b3dfcd2",
                "sha256:6f349adabf1c004aba53f7b4633459f8ca8a09654bf7e69b509c95a454755776",
                "sha256:85b94d2653b0fdf6d879e39d51018bf5ccd86c81c04e18a98e9888694b98226f",
                "sha256:87535dc2d2ef007b9d44e309d2b8ea27a03d2fa09556a72364d706fcb7090828",
                "sha256:a7ab28a8f1f043c58d157bceb64f80e4d2f7f1b934bc7ff5e7f7a55a337ea8b0",
                "sha256:a96f8fc625e9ff568838e556f6f6ae8eca8b4837cdfb3f90efcb7c00e342a2eb",
                "sha256:b5a114ea9b7fc90c2cc4867a866512672a47f66b154c6d7ee7e48ddb68b68122",
                "sha256:be04fe14ceed7f8641e30f36077c1a654ff6f17d0c7a5283b699d057d150d82a",
                "sha256:bff02030bab8b969f4de597543e55bd05e968567acb25c0a87495a31eb09e925",
                "sha256:c9ca9f76805e5a637605f171f6c4772fc4a81eced4e2f708f79c75166a2c99ea",
                "sha256:e1464a4a2cf12f58f662c8e6421772c07947266293fb701cb39cd9c1e183f63c",
                "sha256:e72736dd822748b0721f41f9aaaf6a5b6d5cfc78f6c8690263aef8bba4457f0e",
                "sha256:eafe9fa19fcefef424ee089fb01ac7177ff3691af7cc2ae8791ae523eb6ca907",
                "sha256:f4b73736108a416c76c17a8a09bc73af3d91edaa26c682aaa460ef91a47168d3"
            ],
            "version": "==3.12.2"
        },
        "pytz": {
            "hashes": [
                "sha256:a494d53b6d39c3c6e44c3bec237336e14305e4f29bbf800b599253057fbb79ed",
                "sha256:c35965d010ce31b23eeb663ed3cc8c906275d6be1a34393a1d73a41febf4a048"
            ],
            "version": "==2020.1"
        },
        "six": {
            "hashes": [
                "sha256:30639c035cdb23534cd4aa2dd52c3bf48f06e5f4a941509c8bafd8ce11080259",
                "sha256:8b74bedcbbbaca38ff6d7491d76f2b06b3592611af620f8426e82dddb04a5ced"
            ],
            "version": "==1.15.0"
        },
        "sqlparse": {
            "hashes": [
                "sha256:022fb9c87b524d1f7862b3037e541f68597a730a8843245c349fc93e1643dc4e",
                "sha256:e162203737712307dfe78860cc56c8da8a852ab2ee33750e33aeadf38d12c548"
            ],
            "version": "==0.3.1"
        }
    },
    "develop": {}
}
